
Microsoft Visual Studio Solution File, Format Version 12.00
# Visual Studio Version 16
VisualStudioVersion = 16.0.29806.167
MinimumVisualStudioVersion = 10.0.40219.1
Project("{2150E333-8FDC-42A3-9474-1A3956D46DE8}") = "01.Clients", "01.Clients", "{A9ABD666-3A78-49F5-A69A-41252248D8AA}"
EndProject
Project("{2150E333-8FDC-42A3-9474-1A3956D46DE8}") = "02.Api.Gateways", "02.Api.Gateways", "{125FE744-5394-455C-AC07-65BBA3F2C462}"
EndProject
Project("{2150E333-8FDC-42A3-9474-1A3956D46DE8}") = "03.Services", "03.Services", "{82CBF085-0A15-4587-ABA4-068A9C48A12F}"
EndProject
Project("{9A19103F-16F7-4668-BE54-9A1E7A4F7556}") = "Catalog.Api", "src\services\Catalog\Catalog.Api\Catalog.Api.csproj", "{D009E6EC-E09C-4668-B843-7B0B07DFF493}"
EndProject
Project("{2150E333-8FDC-42A3-9474-1A3956D46DE8}") = "01. Identity", "01. Identity", "{1577E539-39A8-43FC-81D6-A85B313B8202}"
EndProject
Project("{2150E333-8FDC-42A3-9474-1A3956D46DE8}") = "02. Catalog", "02. Catalog", "{12C6322B-D25B-42B9-9D89-DC0F70190AC7}"
EndProject
Project("{2150E333-8FDC-42A3-9474-1A3956D46DE8}") = "03. Customer", "03. Customer", "{8F88F0FD-0ACE-4E48-86A5-98BF9B1AF299}"
EndProject
Project("{2150E333-8FDC-42A3-9474-1A3956D46DE8}") = "04. Order", "04. Order", "{1B131A0F-6A7A-482B-A696-0542D0A37AB7}"
EndProject
Project("{2150E333-8FDC-42A3-9474-1A3956D46DE8}") = "01. API", "01. API", "{64CE33EA-A74F-4468-B6DA-9AAE51B55FD0}"
EndProject
Project("{2150E333-8FDC-42A3-9474-1A3956D46DE8}") = "02. Services", "02. Services", "{D2A03665-DDC1-43BC-B806-3B8C65A095F4}"
EndProject
Project("{2150E333-8FDC-42A3-9474-1A3956D46DE8}") = "03. Persistence", "03. Persistence", "{252D8E98-784A-4251-B684-852E7BCDB408}"
EndProject
Project("{2150E333-8FDC-42A3-9474-1A3956D46DE8}") = "04. Models", "04. Models", "{50A3FC89-86D3-47A3-B5BE-C20BBF763E0A}"
EndProject
Project("{9A19103F-16F7-4668-BE54-9A1E7A4F7556}") = "Catalog.Domain", "src\services\Catalog\Catalog.Domain\Catalog.Domain.csproj", "{707323CC-9CFA-4A27-9F60-B688BDCE5C1B}"
EndProject
Project("{9A19103F-16F7-4668-BE54-9A1E7A4F7556}") = "Catalog.Persistence.Database", "src\services\Catalog\Catalog.Persistence.Database\Catalog.Persistence.Database.csproj", "{1FD43D90-2A40-4777-8C4D-79D625B9F41A}"
EndProject
Project("{2150E333-8FDC-42A3-9474-1A3956D46DE8}") = "05. Common", "05. Common", "{C6B41A3A-03DC-42F0-8BA7-5369453FD73F}"
EndProject
Project("{9A19103F-16F7-4668-BE54-9A1E7A4F7556}") = "Service.Common.Collection", "src\services\Common\Service.Common.Collection\Service.Common.Collection.csproj", "{ECC83781-FF2F-4E53-836E-2D2CD6AF4CDE}"
EndProject
Project("{9A19103F-16F7-4668-BE54-9A1E7A4F7556}") = "Service.Common.Paging", "src\services\Common\Service.Common.Paging\Service.Common.Paging.csproj", "{3618491D-CE37-40CC-B148-11F12E90F924}"
EndProject
Project("{9A19103F-16F7-4668-BE54-9A1E7A4F7556}") = "Service.Common.Mapping", "src\services\Common\Service.Common.Mapping\Service.Common.Mapping.csproj", "{9B5C3215-CF5F-44C8-BA28-C59D356CF324}"
EndProject
Project("{9A19103F-16F7-4668-BE54-9A1E7A4F7556}") = "Catalog.Service.Queries", "src\services\Catalog\Catalog.Service.Queries\Catalog.Service.Queries.csproj", "{E7ABF3F5-0BCC-4789-AC59-EC54EFD9C613}"
EndProject
Project("{9A19103F-16F7-4668-BE54-9A1E7A4F7556}") = "Catalog.Service.EventHandlers", "src\services\Catalog\Catalog.Service.EventHandlers\Catalog.Service.EventHandlers.csproj", "{F706E2ED-3933-4414-BE2E-AB47F3B04B5B}"
EndProject
Project("{2150E333-8FDC-42A3-9474-1A3956D46DE8}") = "05. Common", "05. Common", "{58B75100-69B4-4162-A980-3636852945F8}"
EndProject
Project("{9A19103F-16F7-4668-BE54-9A1E7A4F7556}") = "Catalog.Common", "src\services\Catalog\Catalog.Common\Catalog.Common.csproj", "{7DC03139-5084-495B-A53E-15E8CCFC7115}"
EndProject
Project("{2150E333-8FDC-42A3-9474-1A3956D46DE8}") = "04.Common", "04.Common", "{D1AA0848-4EC8-4D9E-B024-77C67AC2953E}"
EndProject
Project("{9A19103F-16F7-4668-BE54-9A1E7A4F7556}") = "Common.Logging", "src\common\Common.Logging\Common.Logging.csproj", "{2BF66DD7-877D-486C-A9B5-E146F6941E4D}"
EndProject
Project("{2150E333-8FDC-42A3-9474-1A3956D46DE8}") = "06.Testing", "06.Testing", "{73656472-E3FF-431A-9941-1228AD2CFD89}"
EndProject
Project("{9A19103F-16F7-4668-BE54-9A1E7A4F7556}") = "Catalog.Tests", "src\services\Catalog\Catalog.Tests\Catalog.Tests.csproj", "{D8984F02-0CBA-4508-A49B-A99FEF45007B}"
EndProject
Project("{2150E333-8FDC-42A3-9474-1A3956D46DE8}") = "01. API", "01. API", "{5D882A52-496D-4DB5-B1DE-84D6EA060A36}"
EndProject
Project("{2150E333-8FDC-42A3-9474-1A3956D46DE8}") = "02.Services", "02.Services", "{C465C4AE-D710-4C68-A69E-D7D0BB407771}"
EndProject
Project("{2150E333-8FDC-42A3-9474-1A3956D46DE8}") = "03.Persistence", "03.Persistence", "{5623681F-981C-4C19-ACFB-1C961B9586D7}"
EndProject
Project("{2150E333-8FDC-42A3-9474-1A3956D46DE8}") = "04.Models", "04.Models", "{D69D3A80-8C7A-43E1-967C-AB05633B3986}"
EndProject
Project("{2150E333-8FDC-42A3-9474-1A3956D46DE8}") = "05.Common", "05.Common", "{D432879D-0EC8-48C2-9E34-98CECBFEC2A3}"
EndProject
Project("{2150E333-8FDC-42A3-9474-1A3956D46DE8}") = "06.Testing", "06.Testing", "{42D7FCBE-96A8-4F02-B450-7E2FD630BC1E}"
EndProject
Project("{2150E333-8FDC-42A3-9474-1A3956D46DE8}") = "01. API", "01. API", "{08051F0F-D01C-46C0-987F-B03375D4707E}"
EndProject
Project("{2150E333-8FDC-42A3-9474-1A3956D46DE8}") = "02.Services", "02.Services", "{B8A1CA67-C116-4B47-BA9B-4F778DF8BA56}"
EndProject
Project("{2150E333-8FDC-42A3-9474-1A3956D46DE8}") = "03.Persistence", "03.Persistence", "{5F8F206F-25DE-4F17-B26A-D8B57052DCD9}"
EndProject
Project("{2150E333-8FDC-42A3-9474-1A3956D46DE8}") = "04.Models", "04.Models", "{F983FB69-12BE-42A8-B180-6F1D7057E442}"
EndProject
Project("{2150E333-8FDC-42A3-9474-1A3956D46DE8}") = "05.Common", "05.Common", "{0411A99A-5616-453D-953D-4FE686063317}"
EndProject
Project("{2150E333-8FDC-42A3-9474-1A3956D46DE8}") = "06.Testing", "06.Testing", "{2F6DE0E5-8597-4D90-A099-C691043AFE9E}"
EndProject
Project("{9A19103F-16F7-4668-BE54-9A1E7A4F7556}") = "Customer.Domain", "src\services\Customer\Customer.Domain\Customer.Domain.csproj", "{ADD2651B-3682-45E5-868F-BE7B39EE4C77}"
EndProject
Project("{9A19103F-16F7-4668-BE54-9A1E7A4F7556}") = "Customer.Persistence.Database", "src\services\Customer\Customer.Persistence.Database\Customer.Persistence.Database.csproj", "{3BEAD03E-D299-4A01-8A44-9BFB18D0302E}"
EndProject
Project("{9A19103F-16F7-4668-BE54-9A1E7A4F7556}") = "Customer.API", "src\services\Customer\Customer.API\Customer.API.csproj", "{8CF5D741-775C-427E-B766-16CEBA4DD2C3}"
EndProject
Project("{9A19103F-16F7-4668-BE54-9A1E7A4F7556}") = "Customer.Service.Queries", "src\services\Customer\Customer.Service.Queries\Customer.Service.Queries.csproj", "{EA9BD0A8-2C45-4842-8081-0C0E47EF90E0}"
EndProject
Project("{9A19103F-16F7-4668-BE54-9A1E7A4F7556}") = "Customer.Service.EventHandlers", "src\services\Customer\Customer.Service.EventHandlers\Customer.Service.EventHandlers.csproj", "{5059F781-8227-4611-97E0-DC9998900450}"
EndProject
Project("{9A19103F-16F7-4668-BE54-9A1E7A4F7556}") = "Customer.Tests", "src\services\Customer\Customer.Tests\Customer.Tests.csproj", "{A22652EF-F77C-4223-AD1D-9E6BD9CEAF88}"
EndProject
Project("{9A19103F-16F7-4668-BE54-9A1E7A4F7556}") = "Order.API", "src\services\Order\Order.API\Order.API.csproj", "{DC8ECD9A-742E-42CB-8DAA-B13E942C4FE2}"
EndProject
Project("{9A19103F-16F7-4668-BE54-9A1E7A4F7556}") = "Order.Domain", "src\services\Order\Order.Domain\Order.Domain.csproj", "{3DB9D2C2-79BA-4A18-851F-D0D3388F581A}"
EndProject
Project("{9A19103F-16F7-4668-BE54-9A1E7A4F7556}") = "Order.Persistence.Database", "src\services\Order\Order.Persistence.Database\Order.Persistence.Database.csproj", "{B19CEFEE-4530-494A-9E8E-D8E65F15BF07}"
EndProject
Project("{9A19103F-16F7-4668-BE54-9A1E7A4F7556}") = "Order.Service.EventHandlers", "src\services\Order\Order.Service.EventHandlers\Order.Service.EventHandlers.csproj", "{D14B6971-64F1-4568-8789-9AF84B8D3343}"
EndProject
Project("{9A19103F-16F7-4668-BE54-9A1E7A4F7556}") = "Order.Common", "src\services\Order\Order.Common\Order.Common.csproj", "{CA81E857-2686-4717-9687-727F0A8711DF}"
EndProject
Project("{9A19103F-16F7-4668-BE54-9A1E7A4F7556}") = "Order.Service.Queries", "src\services\Order\Order.Service.Queries\Order.Service.Queries.csproj", "{9C3812BA-A594-4101-8B9D-59A52D78D8FC}"
EndProject
Project("{9A19103F-16F7-4668-BE54-9A1E7A4F7556}") = "Order.Service.Proxies", "src\services\Order\Order.Service.Proxies\Order.Service.Proxies.csproj", "{E204E225-DF30-49F5-882D-C0748BA88A70}"
EndProject
Project("{2150E333-8FDC-42A3-9474-1A3956D46DE8}") = "07.Listener", "07.Listener", "{B7923666-1535-4067-857D-9A5F39DEBCBC}"
EndProject
Project("{9A19103F-16F7-4668-BE54-9A1E7A4F7556}") = "Catalog.Listener", "src\services\Catalog\Catalog.Listener\Catalog.Listener.csproj", "{F16CE1EE-1F33-47A5-ACC6-36F1AEE66342}"
EndProject
Project("{2150E333-8FDC-42A3-9474-1A3956D46DE8}") = "01. API", "01. API", "{59683DA1-A51B-41E5-A38E-F0FA24683B7F}"
EndProject
Project("{2150E333-8FDC-42A3-9474-1A3956D46DE8}") = "02. Services", "02. Services", "{2539D969-6053-433C-9BBB-217E4F39BDEC}"
EndProject
Project("{2150E333-8FDC-42A3-9474-1A3956D46DE8}") = "03. Persistence", "03. Persistence", "{7A20639B-5575-4AE9-9327-720341B29D4C}"
EndProject
Project("{2150E333-8FDC-42A3-9474-1A3956D46DE8}") = "04. Models", "04. Models", "{02DF068F-37C9-4BF5-BBB4-7AFA81A89BFB}"
EndProject
Project("{2150E333-8FDC-42A3-9474-1A3956D46DE8}") = "05. Testing", "05. Testing", "{15FD2AA9-2CB0-4B9C-B2A3-00DBD8F4041B}"
EndProject
Project("{9A19103F-16F7-4668-BE54-9A1E7A4F7556}") = "Identity.Domain", "src\services\Identity\Identity.Domain\Identity.Domain.csproj", "{5210C960-517D-47FB-95C0-943D4E03C773}"
EndProject
Project("{9A19103F-16F7-4668-BE54-9A1E7A4F7556}") = "Identity.Application.Database", "src\services\Identity\Identity.Application.Database\Identity.Application.Database.csproj", "{7E638E65-25C4-47A6-9B81-7CA5079D6F3C}"
EndProject
Project("{9A19103F-16F7-4668-BE54-9A1E7A4F7556}") = "Identity.Api", "src\services\Identity\Identity.Api\Identity.Api.csproj", "{6C8394C4-B827-43FF-94B3-9573F11C1275}"
EndProject
Project("{FAE04EC0-301F-11D3-BF4B-00C04F79EFBC}") = "Identity.Service.EventHandlers", "src\services\Identity\Identity.Service.EventHandlers\Identity.Service.EventHandlers.csproj", "{9F9B0FF6-EB3B-4A4B-B410-DC5D1C141F21}"
EndProject
Project("{2150E333-8FDC-42A3-9474-1A3956D46DE8}") = "APIs", "APIs", "{EC00BC6C-031B-41FA-BCD2-EFB91508C10E}"
EndProject
Project("{FAE04EC0-301F-11D3-BF4B-00C04F79EFBC}") = "Api.Gateways.WebClient", "src\Gateways\Api.Gateways.WebClient\Api.Gateways.WebClient.csproj", "{F369B7C8-63CA-48C2-BDA4-6C88CE6EAFD6}"
EndProject
Project("{FAE04EC0-301F-11D3-BF4B-00C04F79EFBC}") = "Api.Gateways.Proxies", "src\Gateways\Api.Gateways.Proxies\Api.Gateways.Proxies.csproj", "{B82ABA5D-30D1-4999-B325-56368E5CD41B}"
EndProject
Project("{FAE04EC0-301F-11D3-BF4B-00C04F79EFBC}") = "Api.Gateways.Models", "src\Gateways\Api.Gateways.Models\Api.Gateways.Models.csproj", "{86F2D486-C80A-4D0C-BF26-53E922E3E19E}"
EndProject
Global
	GlobalSection(SolutionConfigurationPlatforms) = preSolution
		Debug|Any CPU = Debug|Any CPU
		Release|Any CPU = Release|Any CPU
	EndGlobalSection
	GlobalSection(ProjectConfigurationPlatforms) = postSolution
		{D009E6EC-E09C-4668-B843-7B0B07DFF493}.Debug|Any CPU.ActiveCfg = Debug|Any CPU
		{D009E6EC-E09C-4668-B843-7B0B07DFF493}.Debug|Any CPU.Build.0 = Debug|Any CPU
		{D009E6EC-E09C-4668-B843-7B0B07DFF493}.Release|Any CPU.ActiveCfg = Release|Any CPU
		{D009E6EC-E09C-4668-B843-7B0B07DFF493}.Release|Any CPU.Build.0 = Release|Any CPU
		{707323CC-9CFA-4A27-9F60-B688BDCE5C1B}.Debug|Any CPU.ActiveCfg = Debug|Any CPU
		{707323CC-9CFA-4A27-9F60-B688BDCE5C1B}.Debug|Any CPU.Build.0 = Debug|Any CPU
		{707323CC-9CFA-4A27-9F60-B688BDCE5C1B}.Release|Any CPU.ActiveCfg = Release|Any CPU
		{707323CC-9CFA-4A27-9F60-B688BDCE5C1B}.Release|Any CPU.Build.0 = Release|Any CPU
		{1FD43D90-2A40-4777-8C4D-79D625B9F41A}.Debug|Any CPU.ActiveCfg = Debug|Any CPU
		{1FD43D90-2A40-4777-8C4D-79D625B9F41A}.Debug|Any CPU.Build.0 = Debug|Any CPU
		{1FD43D90-2A40-4777-8C4D-79D625B9F41A}.Release|Any CPU.ActiveCfg = Release|Any CPU
		{1FD43D90-2A40-4777-8C4D-79D625B9F41A}.Release|Any CPU.Build.0 = Release|Any CPU
		{ECC83781-FF2F-4E53-836E-2D2CD6AF4CDE}.Debug|Any CPU.ActiveCfg = Debug|Any CPU
		{ECC83781-FF2F-4E53-836E-2D2CD6AF4CDE}.Debug|Any CPU.Build.0 = Debug|Any CPU
		{ECC83781-FF2F-4E53-836E-2D2CD6AF4CDE}.Release|Any CPU.ActiveCfg = Release|Any CPU
		{ECC83781-FF2F-4E53-836E-2D2CD6AF4CDE}.Release|Any CPU.Build.0 = Release|Any CPU
		{3618491D-CE37-40CC-B148-11F12E90F924}.Debug|Any CPU.ActiveCfg = Debug|Any CPU
		{3618491D-CE37-40CC-B148-11F12E90F924}.Debug|Any CPU.Build.0 = Debug|Any CPU
		{3618491D-CE37-40CC-B148-11F12E90F924}.Release|Any CPU.ActiveCfg = Release|Any CPU
		{3618491D-CE37-40CC-B148-11F12E90F924}.Release|Any CPU.Build.0 = Release|Any CPU
		{9B5C3215-CF5F-44C8-BA28-C59D356CF324}.Debug|Any CPU.ActiveCfg = Debug|Any CPU
		{9B5C3215-CF5F-44C8-BA28-C59D356CF324}.Debug|Any CPU.Build.0 = Debug|Any CPU
		{9B5C3215-CF5F-44C8-BA28-C59D356CF324}.Release|Any CPU.ActiveCfg = Release|Any CPU
		{9B5C3215-CF5F-44C8-BA28-C59D356CF324}.Release|Any CPU.Build.0 = Release|Any CPU
		{E7ABF3F5-0BCC-4789-AC59-EC54EFD9C613}.Debug|Any CPU.ActiveCfg = Debug|Any CPU
		{E7ABF3F5-0BCC-4789-AC59-EC54EFD9C613}.Debug|Any CPU.Build.0 = Debug|Any CPU
		{E7ABF3F5-0BCC-4789-AC59-EC54EFD9C613}.Release|Any CPU.ActiveCfg = Release|Any CPU
		{E7ABF3F5-0BCC-4789-AC59-EC54EFD9C613}.Release|Any CPU.Build.0 = Release|Any CPU
		{F706E2ED-3933-4414-BE2E-AB47F3B04B5B}.Debug|Any CPU.ActiveCfg = Debug|Any CPU
		{F706E2ED-3933-4414-BE2E-AB47F3B04B5B}.Debug|Any CPU.Build.0 = Debug|Any CPU
		{F706E2ED-3933-4414-BE2E-AB47F3B04B5B}.Release|Any CPU.ActiveCfg = Release|Any CPU
		{F706E2ED-3933-4414-BE2E-AB47F3B04B5B}.Release|Any CPU.Build.0 = Release|Any CPU
		{7DC03139-5084-495B-A53E-15E8CCFC7115}.Debug|Any CPU.ActiveCfg = Debug|Any CPU
		{7DC03139-5084-495B-A53E-15E8CCFC7115}.Debug|Any CPU.Build.0 = Debug|Any CPU
		{7DC03139-5084-495B-A53E-15E8CCFC7115}.Release|Any CPU.ActiveCfg = Release|Any CPU
		{7DC03139-5084-495B-A53E-15E8CCFC7115}.Release|Any CPU.Build.0 = Release|Any CPU
		{2BF66DD7-877D-486C-A9B5-E146F6941E4D}.Debug|Any CPU.ActiveCfg = Debug|Any CPU
		{2BF66DD7-877D-486C-A9B5-E146F6941E4D}.Debug|Any CPU.Build.0 = Debug|Any CPU
		{2BF66DD7-877D-486C-A9B5-E146F6941E4D}.Release|Any CPU.ActiveCfg = Release|Any CPU
		{2BF66DD7-877D-486C-A9B5-E146F6941E4D}.Release|Any CPU.Build.0 = Release|Any CPU
		{D8984F02-0CBA-4508-A49B-A99FEF45007B}.Debug|Any CPU.ActiveCfg = Debug|Any CPU
		{D8984F02-0CBA-4508-A49B-A99FEF45007B}.Debug|Any CPU.Build.0 = Debug|Any CPU
		{D8984F02-0CBA-4508-A49B-A99FEF45007B}.Release|Any CPU.ActiveCfg = Release|Any CPU
		{D8984F02-0CBA-4508-A49B-A99FEF45007B}.Release|Any CPU.Build.0 = Release|Any CPU
		{ADD2651B-3682-45E5-868F-BE7B39EE4C77}.Debug|Any CPU.ActiveCfg = Debug|Any CPU
		{ADD2651B-3682-45E5-868F-BE7B39EE4C77}.Debug|Any CPU.Build.0 = Debug|Any CPU
		{ADD2651B-3682-45E5-868F-BE7B39EE4C77}.Release|Any CPU.ActiveCfg = Release|Any CPU
		{ADD2651B-3682-45E5-868F-BE7B39EE4C77}.Release|Any CPU.Build.0 = Release|Any CPU
		{3BEAD03E-D299-4A01-8A44-9BFB18D0302E}.Debug|Any CPU.ActiveCfg = Debug|Any CPU
		{3BEAD03E-D299-4A01-8A44-9BFB18D0302E}.Debug|Any CPU.Build.0 = Debug|Any CPU
		{3BEAD03E-D299-4A01-8A44-9BFB18D0302E}.Release|Any CPU.ActiveCfg = Release|Any CPU
		{3BEAD03E-D299-4A01-8A44-9BFB18D0302E}.Release|Any CPU.Build.0 = Release|Any CPU
		{8CF5D741-775C-427E-B766-16CEBA4DD2C3}.Debug|Any CPU.ActiveCfg = Debug|Any CPU
		{8CF5D741-775C-427E-B766-16CEBA4DD2C3}.Debug|Any CPU.Build.0 = Debug|Any CPU
		{8CF5D741-775C-427E-B766-16CEBA4DD2C3}.Release|Any CPU.ActiveCfg = Release|Any CPU
		{8CF5D741-775C-427E-B766-16CEBA4DD2C3}.Release|Any CPU.Build.0 = Release|Any CPU
		{EA9BD0A8-2C45-4842-8081-0C0E47EF90E0}.Debug|Any CPU.ActiveCfg = Debug|Any CPU
		{EA9BD0A8-2C45-4842-8081-0C0E47EF90E0}.Debug|Any CPU.Build.0 = Debug|Any CPU
		{EA9BD0A8-2C45-4842-8081-0C0E47EF90E0}.Release|Any CPU.ActiveCfg = Release|Any CPU
		{EA9BD0A8-2C45-4842-8081-0C0E47EF90E0}.Release|Any CPU.Build.0 = Release|Any CPU
		{5059F781-8227-4611-97E0-DC9998900450}.Debug|Any CPU.ActiveCfg = Debug|Any CPU
		{5059F781-8227-4611-97E0-DC9998900450}.Debug|Any CPU.Build.0 = Debug|Any CPU
		{5059F781-8227-4611-97E0-DC9998900450}.Release|Any CPU.ActiveCfg = Release|Any CPU
		{5059F781-8227-4611-97E0-DC9998900450}.Release|Any CPU.Build.0 = Release|Any CPU
		{A22652EF-F77C-4223-AD1D-9E6BD9CEAF88}.Debug|Any CPU.ActiveCfg = Debug|Any CPU
		{A22652EF-F77C-4223-AD1D-9E6BD9CEAF88}.Debug|Any CPU.Build.0 = Debug|Any CPU
		{A22652EF-F77C-4223-AD1D-9E6BD9CEAF88}.Release|Any CPU.ActiveCfg = Release|Any CPU
		{A22652EF-F77C-4223-AD1D-9E6BD9CEAF88}.Release|Any CPU.Build.0 = Release|Any CPU
		{DC8ECD9A-742E-42CB-8DAA-B13E942C4FE2}.Debug|Any CPU.ActiveCfg = Debug|Any CPU
		{DC8ECD9A-742E-42CB-8DAA-B13E942C4FE2}.Debug|Any CPU.Build.0 = Debug|Any CPU
		{DC8ECD9A-742E-42CB-8DAA-B13E942C4FE2}.Release|Any CPU.ActiveCfg = Release|Any CPU
		{DC8ECD9A-742E-42CB-8DAA-B13E942C4FE2}.Release|Any CPU.Build.0 = Release|Any CPU
		{3DB9D2C2-79BA-4A18-851F-D0D3388F581A}.Debug|Any CPU.ActiveCfg = Debug|Any CPU
		{3DB9D2C2-79BA-4A18-851F-D0D3388F581A}.Debug|Any CPU.Build.0 = Debug|Any CPU
		{3DB9D2C2-79BA-4A18-851F-D0D3388F581A}.Release|Any CPU.ActiveCfg = Release|Any CPU
		{3DB9D2C2-79BA-4A18-851F-D0D3388F581A}.Release|Any CPU.Build.0 = Release|Any CPU
		{B19CEFEE-4530-494A-9E8E-D8E65F15BF07}.Debug|Any CPU.ActiveCfg = Debug|Any CPU
		{B19CEFEE-4530-494A-9E8E-D8E65F15BF07}.Debug|Any CPU.Build.0 = Debug|Any CPU
		{B19CEFEE-4530-494A-9E8E-D8E65F15BF07}.Release|Any CPU.ActiveCfg = Release|Any CPU
		{B19CEFEE-4530-494A-9E8E-D8E65F15BF07}.Release|Any CPU.Build.0 = Release|Any CPU
		{D14B6971-64F1-4568-8789-9AF84B8D3343}.Debug|Any CPU.ActiveCfg = Debug|Any CPU
		{D14B6971-64F1-4568-8789-9AF84B8D3343}.Debug|Any CPU.Build.0 = Debug|Any CPU
		{D14B6971-64F1-4568-8789-9AF84B8D3343}.Release|Any CPU.ActiveCfg = Release|Any CPU
		{D14B6971-64F1-4568-8789-9AF84B8D3343}.Release|Any CPU.Build.0 = Release|Any CPU
		{CA81E857-2686-4717-9687-727F0A8711DF}.Debug|Any CPU.ActiveCfg = Debug|Any CPU
		{CA81E857-2686-4717-9687-727F0A8711DF}.Debug|Any CPU.Build.0 = Debug|Any CPU
		{CA81E857-2686-4717-9687-727F0A8711DF}.Release|Any CPU.ActiveCfg = Release|Any CPU
		{CA81E857-2686-4717-9687-727F0A8711DF}.Release|Any CPU.Build.0 = Release|Any CPU
		{9C3812BA-A594-4101-8B9D-59A52D78D8FC}.Debug|Any CPU.ActiveCfg = Debug|Any CPU
		{9C3812BA-A594-4101-8B9D-59A52D78D8FC}.Debug|Any CPU.Build.0 = Debug|Any CPU
		{9C3812BA-A594-4101-8B9D-59A52D78D8FC}.Release|Any CPU.ActiveCfg = Release|Any CPU
		{9C3812BA-A594-4101-8B9D-59A52D78D8FC}.Release|Any CPU.Build.0 = Release|Any CPU
		{E204E225-DF30-49F5-882D-C0748BA88A70}.Debug|Any CPU.ActiveCfg = Debug|Any CPU
		{E204E225-DF30-49F5-882D-C0748BA88A70}.Debug|Any CPU.Build.0 = Debug|Any CPU
		{E204E225-DF30-49F5-882D-C0748BA88A70}.Release|Any CPU.ActiveCfg = Release|Any CPU
		{E204E225-DF30-49F5-882D-C0748BA88A70}.Release|Any CPU.Build.0 = Release|Any CPU
		{F16CE1EE-1F33-47A5-ACC6-36F1AEE66342}.Debug|Any CPU.ActiveCfg = Debug|Any CPU
		{F16CE1EE-1F33-47A5-ACC6-36F1AEE66342}.Debug|Any CPU.Build.0 = Debug|Any CPU
		{F16CE1EE-1F33-47A5-ACC6-36F1AEE66342}.Release|Any CPU.ActiveCfg = Release|Any CPU
		{F16CE1EE-1F33-47A5-ACC6-36F1AEE66342}.Release|Any CPU.Build.0 = Release|Any CPU
		{5210C960-517D-47FB-95C0-943D4E03C773}.Debug|Any CPU.ActiveCfg = Debug|Any CPU
		{5210C960-517D-47FB-95C0-943D4E03C773}.Debug|Any CPU.Build.0 = Debug|Any CPU
		{5210C960-517D-47FB-95C0-943D4E03C773}.Release|Any CPU.ActiveCfg = Release|Any CPU
		{5210C960-517D-47FB-95C0-943D4E03C773}.Release|Any CPU.Build.0 = Release|Any CPU
		{7E638E65-25C4-47A6-9B81-7CA5079D6F3C}.Debug|Any CPU.ActiveCfg = Debug|Any CPU
		{7E638E65-25C4-47A6-9B81-7CA5079D6F3C}.Debug|Any CPU.Build.0 = Debug|Any CPU
		{7E638E65-25C4-47A6-9B81-7CA5079D6F3C}.Release|Any CPU.ActiveCfg = Release|Any CPU
		{7E638E65-25C4-47A6-9B81-7CA5079D6F3C}.Release|Any CPU.Build.0 = Release|Any CPU
		{6C8394C4-B827-43FF-94B3-9573F11C1275}.Debug|Any CPU.ActiveCfg = Debug|Any CPU
		{6C8394C4-B827-43FF-94B3-9573F11C1275}.Debug|Any CPU.Build.0 = Debug|Any CPU
		{6C8394C4-B827-43FF-94B3-9573F11C1275}.Release|Any CPU.ActiveCfg = Release|Any CPU
		{6C8394C4-B827-43FF-94B3-9573F11C1275}.Release|Any CPU.Build.0 = Release|Any CPU
		{9F9B0FF6-EB3B-4A4B-B410-DC5D1C141F21}.Debug|Any CPU.ActiveCfg = Debug|Any CPU
		{9F9B0FF6-EB3B-4A4B-B410-DC5D1C141F21}.Debug|Any CPU.Build.0 = Debug|Any CPU
		{9F9B0FF6-EB3B-4A4B-B410-DC5D1C141F21}.Release|Any CPU.ActiveCfg = Release|Any CPU
		{9F9B0FF6-EB3B-4A4B-B410-DC5D1C141F21}.Release|Any CPU.Build.0 = Release|Any CPU
		{F369B7C8-63CA-48C2-BDA4-6C88CE6EAFD6}.Debug|Any CPU.ActiveCfg = Debug|Any CPU
		{F369B7C8-63CA-48C2-BDA4-6C88CE6EAFD6}.Debug|Any CPU.Build.0 = Debug|Any CPU
		{F369B7C8-63CA-48C2-BDA4-6C88CE6EAFD6}.Release|Any CPU.ActiveCfg = Release|Any CPU
		{F369B7C8-63CA-48C2-BDA4-6C88CE6EAFD6}.Release|Any CPU.Build.0 = Release|Any CPU
		{B82ABA5D-30D1-4999-B325-56368E5CD41B}.Debug|Any CPU.ActiveCfg = Debug|Any CPU
		{B82ABA5D-30D1-4999-B325-56368E5CD41B}.Debug|Any CPU.Build.0 = Debug|Any CPU
		{B82ABA5D-30D1-4999-B325-56368E5CD41B}.Release|Any CPU.ActiveCfg = Release|Any CPU
		{B82ABA5D-30D1-4999-B325-56368E5CD41B}.Release|Any CPU.Build.0 = Release|Any CPU
		{86F2D486-C80A-4D0C-BF26-53E922E3E19E}.Debug|Any CPU.ActiveCfg = Debug|Any CPU
		{86F2D486-C80A-4D0C-BF26-53E922E3E19E}.Debug|Any CPU.Build.0 = Debug|Any CPU
		{86F2D486-C80A-4D0C-BF26-53E922E3E19E}.Release|Any CPU.ActiveCfg = Release|Any CPU
		{86F2D486-C80A-4D0C-BF26-53E922E3E19E}.Release|Any CPU.Build.0 = Release|Any CPU
	EndGlobalSection
	GlobalSection(SolutionProperties) = preSolution
		HideSolutionNode = FALSE
	EndGlobalSection
	GlobalSection(NestedProjects) = preSolution
		{D009E6EC-E09C-4668-B843-7B0B07DFF493} = {64CE33EA-A74F-4468-B6DA-9AAE51B55FD0}
		{1577E539-39A8-43FC-81D6-A85B313B8202} = {82CBF085-0A15-4587-ABA4-068A9C48A12F}
		{12C6322B-D25B-42B9-9D89-DC0F70190AC7} = {82CBF085-0A15-4587-ABA4-068A9C48A12F}
		{8F88F0FD-0ACE-4E48-86A5-98BF9B1AF299} = {82CBF085-0A15-4587-ABA4-068A9C48A12F}
		{1B131A0F-6A7A-482B-A696-0542D0A37AB7} = {82CBF085-0A15-4587-ABA4-068A9C48A12F}
		{64CE33EA-A74F-4468-B6DA-9AAE51B55FD0} = {12C6322B-D25B-42B9-9D89-DC0F70190AC7}
		{D2A03665-DDC1-43BC-B806-3B8C65A095F4} = {12C6322B-D25B-42B9-9D89-DC0F70190AC7}
		{252D8E98-784A-4251-B684-852E7BCDB408} = {12C6322B-D25B-42B9-9D89-DC0F70190AC7}
		{50A3FC89-86D3-47A3-B5BE-C20BBF763E0A} = {12C6322B-D25B-42B9-9D89-DC0F70190AC7}
		{707323CC-9CFA-4A27-9F60-B688BDCE5C1B} = {50A3FC89-86D3-47A3-B5BE-C20BBF763E0A}
		{1FD43D90-2A40-4777-8C4D-79D625B9F41A} = {252D8E98-784A-4251-B684-852E7BCDB408}
		{C6B41A3A-03DC-42F0-8BA7-5369453FD73F} = {82CBF085-0A15-4587-ABA4-068A9C48A12F}
		{ECC83781-FF2F-4E53-836E-2D2CD6AF4CDE} = {C6B41A3A-03DC-42F0-8BA7-5369453FD73F}
		{3618491D-CE37-40CC-B148-11F12E90F924} = {C6B41A3A-03DC-42F0-8BA7-5369453FD73F}
		{9B5C3215-CF5F-44C8-BA28-C59D356CF324} = {C6B41A3A-03DC-42F0-8BA7-5369453FD73F}
		{E7ABF3F5-0BCC-4789-AC59-EC54EFD9C613} = {D2A03665-DDC1-43BC-B806-3B8C65A095F4}
		{F706E2ED-3933-4414-BE2E-AB47F3B04B5B} = {D2A03665-DDC1-43BC-B806-3B8C65A095F4}
		{58B75100-69B4-4162-A980-3636852945F8} = {12C6322B-D25B-42B9-9D89-DC0F70190AC7}
		{7DC03139-5084-495B-A53E-15E8CCFC7115} = {58B75100-69B4-4162-A980-3636852945F8}
		{2BF66DD7-877D-486C-A9B5-E146F6941E4D} = {D1AA0848-4EC8-4D9E-B024-77C67AC2953E}
		{73656472-E3FF-431A-9941-1228AD2CFD89} = {12C6322B-D25B-42B9-9D89-DC0F70190AC7}
		{D8984F02-0CBA-4508-A49B-A99FEF45007B} = {73656472-E3FF-431A-9941-1228AD2CFD89}
		{5D882A52-496D-4DB5-B1DE-84D6EA060A36} = {8F88F0FD-0ACE-4E48-86A5-98BF9B1AF299}
		{C465C4AE-D710-4C68-A69E-D7D0BB407771} = {8F88F0FD-0ACE-4E48-86A5-98BF9B1AF299}
		{5623681F-981C-4C19-ACFB-1C961B9586D7} = {8F88F0FD-0ACE-4E48-86A5-98BF9B1AF299}
		{D69D3A80-8C7A-43E1-967C-AB05633B3986} = {8F88F0FD-0ACE-4E48-86A5-98BF9B1AF299}
		{D432879D-0EC8-48C2-9E34-98CECBFEC2A3} = {8F88F0FD-0ACE-4E48-86A5-98BF9B1AF299}
		{42D7FCBE-96A8-4F02-B450-7E2FD630BC1E} = {8F88F0FD-0ACE-4E48-86A5-98BF9B1AF299}
		{08051F0F-D01C-46C0-987F-B03375D4707E} = {1B131A0F-6A7A-482B-A696-0542D0A37AB7}
		{B8A1CA67-C116-4B47-BA9B-4F778DF8BA56} = {1B131A0F-6A7A-482B-A696-0542D0A37AB7}
		{5F8F206F-25DE-4F17-B26A-D8B57052DCD9} = {1B131A0F-6A7A-482B-A696-0542D0A37AB7}
		{F983FB69-12BE-42A8-B180-6F1D7057E442} = {1B131A0F-6A7A-482B-A696-0542D0A37AB7}
		{0411A99A-5616-453D-953D-4FE686063317} = {1B131A0F-6A7A-482B-A696-0542D0A37AB7}
		{2F6DE0E5-8597-4D90-A099-C691043AFE9E} = {1B131A0F-6A7A-482B-A696-0542D0A37AB7}
		{ADD2651B-3682-45E5-868F-BE7B39EE4C77} = {D69D3A80-8C7A-43E1-967C-AB05633B3986}
		{3BEAD03E-D299-4A01-8A44-9BFB18D0302E} = {5623681F-981C-4C19-ACFB-1C961B9586D7}
		{8CF5D741-775C-427E-B766-16CEBA4DD2C3} = {5D882A52-496D-4DB5-B1DE-84D6EA060A36}
		{EA9BD0A8-2C45-4842-8081-0C0E47EF90E0} = {C465C4AE-D710-4C68-A69E-D7D0BB407771}
		{5059F781-8227-4611-97E0-DC9998900450} = {C465C4AE-D710-4C68-A69E-D7D0BB407771}
		{A22652EF-F77C-4223-AD1D-9E6BD9CEAF88} = {42D7FCBE-96A8-4F02-B450-7E2FD630BC1E}
		{DC8ECD9A-742E-42CB-8DAA-B13E942C4FE2} = {08051F0F-D01C-46C0-987F-B03375D4707E}
		{3DB9D2C2-79BA-4A18-851F-D0D3388F581A} = {F983FB69-12BE-42A8-B180-6F1D7057E442}
		{B19CEFEE-4530-494A-9E8E-D8E65F15BF07} = {5F8F206F-25DE-4F17-B26A-D8B57052DCD9}
		{D14B6971-64F1-4568-8789-9AF84B8D3343} = {B8A1CA67-C116-4B47-BA9B-4F778DF8BA56}
		{CA81E857-2686-4717-9687-727F0A8711DF} = {0411A99A-5616-453D-953D-4FE686063317}
		{9C3812BA-A594-4101-8B9D-59A52D78D8FC} = {B8A1CA67-C116-4B47-BA9B-4F778DF8BA56}
		{E204E225-DF30-49F5-882D-C0748BA88A70} = {B8A1CA67-C116-4B47-BA9B-4F778DF8BA56}
		{B7923666-1535-4067-857D-9A5F39DEBCBC} = {12C6322B-D25B-42B9-9D89-DC0F70190AC7}
		{F16CE1EE-1F33-47A5-ACC6-36F1AEE66342} = {B7923666-1535-4067-857D-9A5F39DEBCBC}
		{59683DA1-A51B-41E5-A38E-F0FA24683B7F} = {1577E539-39A8-43FC-81D6-A85B313B8202}
		{2539D969-6053-433C-9BBB-217E4F39BDEC} = {1577E539-39A8-43FC-81D6-A85B313B8202}
		{7A20639B-5575-4AE9-9327-720341B29D4C} = {1577E539-39A8-43FC-81D6-A85B313B8202}
		{02DF068F-37C9-4BF5-BBB4-7AFA81A89BFB} = {1577E539-39A8-43FC-81D6-A85B313B8202}
		{15FD2AA9-2CB0-4B9C-B2A3-00DBD8F4041B} = {1577E539-39A8-43FC-81D6-A85B313B8202}
		{5210C960-517D-47FB-95C0-943D4E03C773} = {02DF068F-37C9-4BF5-BBB4-7AFA81A89BFB}
		{7E638E65-25C4-47A6-9B81-7CA5079D6F3C} = {7A20639B-5575-4AE9-9327-720341B29D4C}
		{6C8394C4-B827-43FF-94B3-9573F11C1275} = {59683DA1-A51B-41E5-A38E-F0FA24683B7F}
		{9F9B0FF6-EB3B-4A4B-B410-DC5D1C141F21} = {2539D969-6053-433C-9BBB-217E4F39BDEC}
		{EC00BC6C-031B-41FA-BCD2-EFB91508C10E} = {125FE744-5394-455C-AC07-65BBA3F2C462}
		{F369B7C8-63CA-48C2-BDA4-6C88CE6EAFD6} = {EC00BC6C-031B-41FA-BCD2-EFB91508C10E}
		{B82ABA5D-30D1-4999-B325-56368E5CD41B} = {125FE744-5394-455C-AC07-65BBA3F2C462}
		{86F2D486-C80A-4D0C-BF26-53E922E3E19E} = {125FE744-5394-455C-AC07-65BBA3F2C462}
	EndGlobalSection
	GlobalSection(ExtensibilityGlobals) = postSolution
		SolutionGuid = {37071237-A7E9-4E17-BBF7-C183EEEEDFC0}
	EndGlobalSection
EndGlobal
